
Microsoft Visual Studio Solution File, Format Version 12.00
# Visual Studio Version 17
VisualStudioVersion = 17.7.34024.191
MinimumVisualStudioVersion = 10.0.40219.1
Project("{FAE04EC0-301F-11D3-BF4B-00C04F79EFBC}") = "ContactList", "ContactList\ContactList.csproj", "{AAF3F304-0964-40C7-A8EB-ABFD89ECD3ED}"
EndProject
Global
	GlobalSection(SolutionConfigurationPlatforms) = preSolution
		Debug|Any CPU = Debug|Any CPU
		Release|Any CPU = Release|Any CPU
	EndGlobalSection
	GlobalSection(ProjectConfigurationPlatforms) = postSolution
		{AAF3F304-0964-40C7-A8EB-ABFD89ECD3ED}.Debug|Any CPU.ActiveCfg = Debug|Any CPU
		{AAF3F304-0964-40C7-A8EB-ABFD89ECD3ED}.Debug|Any CPU.Build.0 = Debug|Any CPU
		{AAF3F304-0964-40C7-A8EB-ABFD89ECD3ED}.Release|Any CPU.ActiveCfg = Release|Any CPU
		{AAF3F304-0964-40C7-A8EB-ABFD89ECD3ED}.Release|Any CPU.Build.0 = Release|Any CPU
	EndGlobalSection
	GlobalSection(SolutionProperties) = preSolution
		HideSolutionNode = FALSE
	EndGlobalSection
	GlobalSection(ExtensibilityGlobals) = postSolution
		SolutionGuid = {0561AA3A-51DB-4914-AA6D-B708BE9E2DC1}
	EndGlobalSection
EndGlobal
